
Microsoft Visual Studio Solution File, Format Version 12.00
# Visual Studio Version 17
VisualStudioVersion = 17.4.33103.184
MinimumVisualStudioVersion = 10.0.40219.1
Project("{FAE04EC0-301F-11D3-BF4B-00C04F79EFBC}") = "sample_circle_queues", "sample_circle_queues.csproj", "{5DFECF9B-5203-4934-83DE-92234CA094DA}"
EndProject
Global
	GlobalSection(SolutionConfigurationPlatforms) = preSolution
		Debug|Any CPU = Debug|Any CPU
		Release|Any CPU = Release|Any CPU
	EndGlobalSection
	GlobalSection(ProjectConfigurationPlatforms) = postSolution
		{5DFECF9B-5203-4934-83DE-92234CA094DA}.Debug|Any CPU.ActiveCfg = Debug|Any CPU
		{5DFECF9B-5203-4934-83DE-92234CA094DA}.Debug|Any CPU.Build.0 = Debug|Any CPU
		{5DFECF9B-5203-4934-83DE-92234CA094DA}.Release|Any CPU.ActiveCfg = Release|Any CPU
		{5DFECF9B-5203-4934-83DE-92234CA094DA}.Release|Any CPU.Build.0 = Release|Any CPU
	EndGlobalSection
	GlobalSection(SolutionProperties) = preSolution
		HideSolutionNode = FALSE
	EndGlobalSection
	GlobalSection(ExtensibilityGlobals) = postSolution
		SolutionGuid = {5F8FB100-4DA8-4BCD-A3BB-8B0142B1694E}
	EndGlobalSection
EndGlobal
